
Microsoft Visual Studio Solution File, Format Version 12.00
# Visual Studio Version 16
VisualStudioVersion = 16.0.31105.61
MinimumVisualStudioVersion = 10.0.40219.1
Project("{8BC9CEB8-8B4A-11D0-8D11-00A0C91BC942}") = "Gameweek4.4ver", "Gameweek4.4ver\Gameweek4.4ver.vcxproj", "{682BADB4-917F-4287-A808-894BD7FBC7F6}"
EndProject
Global
	GlobalSection(SolutionConfigurationPlatforms) = preSolution
		Debug|x64 = Debug|x64
		Debug|x86 = Debug|x86
		Release|x64 = Release|x64
		Release|x86 = Release|x86
	EndGlobalSection
	GlobalSection(ProjectConfigurationPlatforms) = postSolution
		{682BADB4-917F-4287-A808-894BD7FBC7F6}.Debug|x64.ActiveCfg = Debug|x64
		{682BADB4-917F-4287-A808-894BD7FBC7F6}.Debug|x64.Build.0 = Debug|x64
		{682BADB4-917F-4287-A808-894BD7FBC7F6}.Debug|x86.ActiveCfg = Debug|Win32
		{682BADB4-917F-4287-A808-894BD7FBC7F6}.Debug|x86.Build.0 = Debug|Win32
		{682BADB4-917F-4287-A808-894BD7FBC7F6}.Release|x64.ActiveCfg = Release|x64
		{682BADB4-917F-4287-A808-894BD7FBC7F6}.Release|x64.Build.0 = Release|x64
		{682BADB4-917F-4287-A808-894BD7FBC7F6}.Release|x86.ActiveCfg = Release|Win32
		{682BADB4-917F-4287-A808-894BD7FBC7F6}.Release|x86.Build.0 = Release|Win32
	EndGlobalSection
	GlobalSection(SolutionProperties) = preSolution
		HideSolutionNode = FALSE
	EndGlobalSection
	GlobalSection(ExtensibilityGlobals) = postSolution
		SolutionGuid = {0F49D00F-8CEF-474F-A6EE-3B61F2B5F280}
	EndGlobalSection
EndGlobal
